
Microsoft Visual Studio Solution File, Format Version 12.00
# Visual Studio Version 17
VisualStudioVersion = 17.7.34221.43
MinimumVisualStudioVersion = 10.0.40219.1
Project("{FAE04EC0-301F-11D3-BF4B-00C04F79EFBC}") = "NurburgringRecordsParser", "NurburgringRecordsParser\NurburgringRecordsParser.csproj", "{0A598896-8915-4A48-872C-88236C68147A}"
EndProject
Global
	GlobalSection(SolutionConfigurationPlatforms) = preSolution
		Debug|Any CPU = Debug|Any CPU
		Release|Any CPU = Release|Any CPU
	EndGlobalSection
	GlobalSection(ProjectConfigurationPlatforms) = postSolution
		{0A598896-8915-4A48-872C-88236C68147A}.Debug|Any CPU.ActiveCfg = Debug|Any CPU
		{0A598896-8915-4A48-872C-88236C68147A}.Debug|Any CPU.Build.0 = Debug|Any CPU
		{0A598896-8915-4A48-872C-88236C68147A}.Debug|Any CPU.Deploy.0 = Debug|Any CPU
		{0A598896-8915-4A48-872C-88236C68147A}.Release|Any CPU.ActiveCfg = Release|Any CPU
		{0A598896-8915-4A48-872C-88236C68147A}.Release|Any CPU.Build.0 = Release|Any CPU
		{0A598896-8915-4A48-872C-88236C68147A}.Release|Any CPU.Deploy.0 = Release|Any CPU
	EndGlobalSection
	GlobalSection(SolutionProperties) = preSolution
		HideSolutionNode = FALSE
	EndGlobalSection
	GlobalSection(ExtensibilityGlobals) = postSolution
		SolutionGuid = {EE9A6EDC-E5FD-4D11-BE1E-745872BD1610}
	EndGlobalSection
EndGlobal
